Microsoft Visual Studio Solution File, Format Version 12.00
# Visual Studio Version 17
VisualStudioVersion = 17.5.2.0
MinimumVisualStudioVersion = 10.0.40219.1
Project("{FAE04EC0-301F-11D3-BF4B-00C04F79EFBC}") = "m.MBFromFormAttribute", "m.MBFromFormAttribute.csproj", "{3F031259-6318-AE86-D397-3737E7B9DAA2}"
EndProject
Global
	GlobalSection(SolutionConfigurationPlatforms) = preSolution
		Debug|Any CPU = Debug|Any CPU
		Release|Any CPU = Release|Any CPU
	EndGlobalSection
	GlobalSection(ProjectConfigurationPlatforms) = postSolution
		{3F031259-6318-AE86-D397-3737E7B9DAA2}.Debug|Any CPU.ActiveCfg = Debug|Any CPU
		{3F031259-6318-AE86-D397-3737E7B9DAA2}.Debug|Any CPU.Build.0 = Debug|Any CPU
		{3F031259-6318-AE86-D397-3737E7B9DAA2}.Release|Any CPU.ActiveCfg = Release|Any CPU
		{3F031259-6318-AE86-D397-3737E7B9DAA2}.Release|Any CPU.Build.0 = Release|Any CPU
	EndGlobalSection
	GlobalSection(SolutionProperties) = preSolution
		HideSolutionNode = FALSE
	EndGlobalSection
	GlobalSection(ExtensibilityGlobals) = postSolution
		SolutionGuid = {FF2EAB6D-D17D-44F7-A174-0D60DEDE644A}
	EndGlobalSection
EndGlobal
