Microsoft Visual Studio Solution File, Format Version 12.00
# Visual Studio Version 17
VisualStudioVersion = 17.5.2.0
MinimumVisualStudioVersion = 10.0.40219.1
Project("{FAE04EC0-301F-11D3-BF4B-00C04F79EFBC}") = "c.Middlewares-Use", "c.Middlewares-Use.csproj", "{3FC42483-0614-EC4F-F09D-5BB76805B823}"
EndProject
Global
	GlobalSection(SolutionConfigurationPlatforms) = preSolution
		Debug|Any CPU = Debug|Any CPU
		Release|Any CPU = Release|Any CPU
	EndGlobalSection
	GlobalSection(ProjectConfigurationPlatforms) = postSolution
		{3FC42483-0614-EC4F-F09D-5BB76805B823}.Debug|Any CPU.ActiveCfg = Debug|Any CPU
		{3FC42483-0614-EC4F-F09D-5BB76805B823}.Debug|Any CPU.Build.0 = Debug|Any CPU
		{3FC42483-0614-EC4F-F09D-5BB76805B823}.Release|Any CPU.ActiveCfg = Release|Any CPU
		{3FC42483-0614-EC4F-F09D-5BB76805B823}.Release|Any CPU.Build.0 = Release|Any CPU
	EndGlobalSection
	GlobalSection(SolutionProperties) = preSolution
		HideSolutionNode = FALSE
	EndGlobalSection
	GlobalSection(ExtensibilityGlobals) = postSolution
		SolutionGuid = {AC58A231-EFF7-4C2E-99AF-1C39FFAD0000}
	EndGlobalSection
EndGlobal
