Microsoft Visual Studio Solution File, Format Version 12.00
# Visual Studio Version 17
VisualStudioVersion = 17.5.2.0
MinimumVisualStudioVersion = 10.0.40219.1
Project("{FAE04EC0-301F-11D3-BF4B-00C04F79EFBC}") = "e.wwwroot-dir", "e.wwwroot-dir.csproj", "{718A4A46-A51D-FE37-C1B6-B7F577E5860D}"
EndProject
Global
	GlobalSection(SolutionConfigurationPlatforms) = preSolution
		Debug|Any CPU = Debug|Any CPU
		Release|Any CPU = Release|Any CPU
	EndGlobalSection
	GlobalSection(ProjectConfigurationPlatforms) = postSolution
		{718A4A46-A51D-FE37-C1B6-B7F577E5860D}.Debug|Any CPU.ActiveCfg = Debug|Any CPU
		{718A4A46-A51D-FE37-C1B6-B7F577E5860D}.Debug|Any CPU.Build.0 = Debug|Any CPU
		{718A4A46-A51D-FE37-C1B6-B7F577E5860D}.Release|Any CPU.ActiveCfg = Release|Any CPU
		{718A4A46-A51D-FE37-C1B6-B7F577E5860D}.Release|Any CPU.Build.0 = Release|Any CPU
	EndGlobalSection
	GlobalSection(SolutionProperties) = preSolution
		HideSolutionNode = FALSE
	EndGlobalSection
	GlobalSection(ExtensibilityGlobals) = postSolution
		SolutionGuid = {AE75FD91-AD68-411C-9246-8B7DB77ADAFB}
	EndGlobalSection
EndGlobal
