Microsoft Visual Studio Solution File, Format Version 12.00
# Visual Studio Version 17
VisualStudioVersion = 17.5.2.0
MinimumVisualStudioVersion = 10.0.40219.1
Project("{FAE04EC0-301F-11D3-BF4B-00C04F79EFBC}") = "l.ObjectResultDemo", "l.ObjectResultDemo.csproj", "{48572149-C1AA-3FA8-25A6-5F72BDA1166E}"
EndProject
Global
	GlobalSection(SolutionConfigurationPlatforms) = preSolution
		Debug|Any CPU = Debug|Any CPU
		Release|Any CPU = Release|Any CPU
	EndGlobalSection
	GlobalSection(ProjectConfigurationPlatforms) = postSolution
		{48572149-C1AA-3FA8-25A6-5F72BDA1166E}.Debug|Any CPU.ActiveCfg = Debug|Any CPU
		{48572149-C1AA-3FA8-25A6-5F72BDA1166E}.Debug|Any CPU.Build.0 = Debug|Any CPU
		{48572149-C1AA-3FA8-25A6-5F72BDA1166E}.Release|Any CPU.ActiveCfg = Release|Any CPU
		{48572149-C1AA-3FA8-25A6-5F72BDA1166E}.Release|Any CPU.Build.0 = Release|Any CPU
	EndGlobalSection
	GlobalSection(SolutionProperties) = preSolution
		HideSolutionNode = FALSE
	EndGlobalSection
	GlobalSection(ExtensibilityGlobals) = postSolution
		SolutionGuid = {E2E5B62F-7947-4BD6-A63E-78707D8E88C7}
	EndGlobalSection
EndGlobal
