Microsoft Visual Studio Solution File, Format Version 12.00
# Visual Studio Version 17
VisualStudioVersion = 17.5.2.0
MinimumVisualStudioVersion = 10.0.40219.1
Project("{FAE04EC0-301F-11D3-BF4B-00C04F79EFBC}") = "l.JsonResultDemo", "l.JsonResultDemo.csproj", "{34C4CECD-89F9-FBB0-41CF-654FC383D9E4}"
EndProject
Global
	GlobalSection(SolutionConfigurationPlatforms) = preSolution
		Debug|Any CPU = Debug|Any CPU
		Release|Any CPU = Release|Any CPU
	EndGlobalSection
	GlobalSection(ProjectConfigurationPlatforms) = postSolution
		{34C4CECD-89F9-FBB0-41CF-654FC383D9E4}.Debug|Any CPU.ActiveCfg = Debug|Any CPU
		{34C4CECD-89F9-FBB0-41CF-654FC383D9E4}.Debug|Any CPU.Build.0 = Debug|Any CPU
		{34C4CECD-89F9-FBB0-41CF-654FC383D9E4}.Release|Any CPU.ActiveCfg = Release|Any CPU
		{34C4CECD-89F9-FBB0-41CF-654FC383D9E4}.Release|Any CPU.Build.0 = Release|Any CPU
	EndGlobalSection
	GlobalSection(SolutionProperties) = preSolution
		HideSolutionNode = FALSE
	EndGlobalSection
	GlobalSection(ExtensibilityGlobals) = postSolution
		SolutionGuid = {54A37F01-7802-4B26-926E-247EC1823FE9}
	EndGlobalSection
EndGlobal
