Microsoft Visual Studio Solution File, Format Version 12.00
# Visual Studio Version 17
VisualStudioVersion = 17.5.2.0
MinimumVisualStudioVersion = 10.0.40219.1
Project("{FAE04EC0-301F-11D3-BF4B-00C04F79EFBC}") = "g.configure-default-page-UseDefaultFiles2", "g.configure-default-page-UseDefaultFiles2.csproj", "{142BAA5A-F4C2-5B3A-E199-8BC9C19AD613}"
EndProject
Global
	GlobalSection(SolutionConfigurationPlatforms) = preSolution
		Debug|Any CPU = Debug|Any CPU
		Release|Any CPU = Release|Any CPU
	EndGlobalSection
	GlobalSection(ProjectConfigurationPlatforms) = postSolution
		{142BAA5A-F4C2-5B3A-E199-8BC9C19AD613}.Debug|Any CPU.ActiveCfg = Debug|Any CPU
		{142BAA5A-F4C2-5B3A-E199-8BC9C19AD613}.Debug|Any CPU.Build.0 = Debug|Any CPU
		{142BAA5A-F4C2-5B3A-E199-8BC9C19AD613}.Release|Any CPU.ActiveCfg = Release|Any CPU
		{142BAA5A-F4C2-5B3A-E199-8BC9C19AD613}.Release|Any CPU.Build.0 = Release|Any CPU
	EndGlobalSection
	GlobalSection(SolutionProperties) = preSolution
		HideSolutionNode = FALSE
	EndGlobalSection
	GlobalSection(ExtensibilityGlobals) = postSolution
		SolutionGuid = {4240B0C7-0780-4AE3-8DB0-4DA2B108C675}
	EndGlobalSection
EndGlobal
