Microsoft Visual Studio Solution File, Format Version 12.00
# Visual Studio Version 17
VisualStudioVersion = 17.5.2.0
MinimumVisualStudioVersion = 10.0.40219.1
Project("{FAE04EC0-301F-11D3-BF4B-00C04F79EFBC}") = "g.configure-default-page", "g.configure-default-page.csproj", "{0CDB1B12-7A03-5EFE-9B49-2096B6A0AD37}"
EndProject
Global
	GlobalSection(SolutionConfigurationPlatforms) = preSolution
		Debug|Any CPU = Debug|Any CPU
		Release|Any CPU = Release|Any CPU
	EndGlobalSection
	GlobalSection(ProjectConfigurationPlatforms) = postSolution
		{0CDB1B12-7A03-5EFE-9B49-2096B6A0AD37}.Debug|Any CPU.ActiveCfg = Debug|Any CPU
		{0CDB1B12-7A03-5EFE-9B49-2096B6A0AD37}.Debug|Any CPU.Build.0 = Debug|Any CPU
		{0CDB1B12-7A03-5EFE-9B49-2096B6A0AD37}.Release|Any CPU.ActiveCfg = Release|Any CPU
		{0CDB1B12-7A03-5EFE-9B49-2096B6A0AD37}.Release|Any CPU.Build.0 = Release|Any CPU
	EndGlobalSection
	GlobalSection(SolutionProperties) = preSolution
		HideSolutionNode = FALSE
	EndGlobalSection
	GlobalSection(ExtensibilityGlobals) = postSolution
		SolutionGuid = {E96AF51F-EC55-4DAC-9157-67BAE45A6AE8}
	EndGlobalSection
EndGlobal
