Microsoft Visual Studio Solution File, Format Version 12.00
# Visual Studio Version 17
VisualStudioVersion = 17.5.2.0
MinimumVisualStudioVersion = 10.0.40219.1
Project("{FAE04EC0-301F-11D3-BF4B-00C04F79EFBC}") = "j.DataPassingViewBag", "j.DataPassingViewBag.csproj", "{B9D48677-B23F-487C-DF3F-68C4D8C00680}"
EndProject
Global
	GlobalSection(SolutionConfigurationPlatforms) = preSolution
		Debug|Any CPU = Debug|Any CPU
		Release|Any CPU = Release|Any CPU
	EndGlobalSection
	GlobalSection(ProjectConfigurationPlatforms) = postSolution
		{B9D48677-B23F-487C-DF3F-68C4D8C00680}.Debug|Any CPU.ActiveCfg = Debug|Any CPU
		{B9D48677-B23F-487C-DF3F-68C4D8C00680}.Debug|Any CPU.Build.0 = Debug|Any CPU
		{B9D48677-B23F-487C-DF3F-68C4D8C00680}.Release|Any CPU.ActiveCfg = Release|Any CPU
		{B9D48677-B23F-487C-DF3F-68C4D8C00680}.Release|Any CPU.Build.0 = Release|Any CPU
	EndGlobalSection
	GlobalSection(SolutionProperties) = preSolution
		HideSolutionNode = FALSE
	EndGlobalSection
	GlobalSection(ExtensibilityGlobals) = postSolution
		SolutionGuid = {0673BD7A-225A-49FD-BA40-686B24A40990}
	EndGlobalSection
EndGlobal
