Microsoft Visual Studio Solution File, Format Version 12.00
# Visual Studio Version 17
VisualStudioVersion = 17.5.2.0
MinimumVisualStudioVersion = 10.0.40219.1
Project("{FAE04EC0-301F-11D3-BF4B-00C04F79EFBC}") = "l.EmptyResultDemo", "l.EmptyResultDemo.csproj", "{62347CE0-B1A3-5C9B-9344-12E3AB658BB0}"
EndProject
Global
	GlobalSection(SolutionConfigurationPlatforms) = preSolution
		Debug|Any CPU = Debug|Any CPU
		Release|Any CPU = Release|Any CPU
	EndGlobalSection
	GlobalSection(ProjectConfigurationPlatforms) = postSolution
		{62347CE0-B1A3-5C9B-9344-12E3AB658BB0}.Debug|Any CPU.ActiveCfg = Debug|Any CPU
		{62347CE0-B1A3-5C9B-9344-12E3AB658BB0}.Debug|Any CPU.Build.0 = Debug|Any CPU
		{62347CE0-B1A3-5C9B-9344-12E3AB658BB0}.Release|Any CPU.ActiveCfg = Release|Any CPU
		{62347CE0-B1A3-5C9B-9344-12E3AB658BB0}.Release|Any CPU.Build.0 = Release|Any CPU
	EndGlobalSection
	GlobalSection(SolutionProperties) = preSolution
		HideSolutionNode = FALSE
	EndGlobalSection
	GlobalSection(ExtensibilityGlobals) = postSolution
		SolutionGuid = {39A2378F-17FF-484D-827B-17635E0416E8}
	EndGlobalSection
EndGlobal
